
Microsoft Visual Studio Solution File, Format Version 12.00
# Visual Studio Version 17
Project("{8BC9CEB8-8B4A-11D0-8D11-00A0C91BC942}") = "GFXFramework", "GFXFramework.vcxproj", "{167FC508-2C8E-32E6-B8CE-1C5DD48D6837}"
	ProjectSection(ProjectDependencies) = postProject
		{63EBFFE4-191A-31E4-BF5B-DF2F8318B0B3} = {63EBFFE4-191A-31E4-BF5B-DF2F8318B0B3}
	EndProjectSection
EndProject
Project("{8BC9CEB8-8B4A-11D0-8D11-00A0C91BC942}") = "ALL_BUILD", "ALL_BUILD.vcxproj", "{036FF8CA-CD80-3362-AC84-383AC6266990}"
	ProjectSection(ProjectDependencies) = postProject
		{167FC508-2C8E-32E6-B8CE-1C5DD48D6837} = {167FC508-2C8E-32E6-B8CE-1C5DD48D6837}
		{63EBFFE4-191A-31E4-BF5B-DF2F8318B0B3} = {63EBFFE4-191A-31E4-BF5B-DF2F8318B0B3}
	EndProjectSection
EndProject
Project("{8BC9CEB8-8B4A-11D0-8D11-00A0C91BC942}") = "ZERO_CHECK", "ZERO_CHECK.vcxproj", "{63EBFFE4-191A-31E4-BF5B-DF2F8318B0B3}"
	ProjectSection(ProjectDependencies) = postProject
	EndProjectSection
EndProject
Global
	GlobalSection(SolutionConfigurationPlatforms) = preSolution
		Debug|x64 = Debug|x64
		Release|x64 = Release|x64
		MinSizeRel|x64 = MinSizeRel|x64
		RelWithDebInfo|x64 = RelWithDebInfo|x64
	EndGlobalSection
	GlobalSection(ProjectConfigurationPlatforms) = postSolution
		{167FC508-2C8E-32E6-B8CE-1C5DD48D6837}.Debug|x64.ActiveCfg = Debug|x64
		{167FC508-2C8E-32E6-B8CE-1C5DD48D6837}.Debug|x64.Build.0 = Debug|x64
		{167FC508-2C8E-32E6-B8CE-1C5DD48D6837}.Release|x64.ActiveCfg = Release|x64
		{167FC508-2C8E-32E6-B8CE-1C5DD48D6837}.Release|x64.Build.0 = Release|x64
		{167FC508-2C8E-32E6-B8CE-1C5DD48D6837}.MinSizeRel|x64.ActiveCfg = MinSizeRel|x64
		{167FC508-2C8E-32E6-B8CE-1C5DD48D6837}.MinSizeRel|x64.Build.0 = MinSizeRel|x64
		{167FC508-2C8E-32E6-B8CE-1C5DD48D6837}.RelWithDebInfo|x64.ActiveCfg = RelWithDebInfo|x64
		{167FC508-2C8E-32E6-B8CE-1C5DD48D6837}.RelWithDebInfo|x64.Build.0 = RelWithDebInfo|x64
		{036FF8CA-CD80-3362-AC84-383AC6266990}.Debug|x64.ActiveCfg = Debug|x64
		{036FF8CA-CD80-3362-AC84-383AC6266990}.Release|x64.ActiveCfg = Release|x64
		{036FF8CA-CD80-3362-AC84-383AC6266990}.MinSizeRel|x64.ActiveCfg = MinSizeRel|x64
		{036FF8CA-CD80-3362-AC84-383AC6266990}.RelWithDebInfo|x64.ActiveCfg = RelWithDebInfo|x64
		{63EBFFE4-191A-31E4-BF5B-DF2F8318B0B3}.Debug|x64.ActiveCfg = Debug|x64
		{63EBFFE4-191A-31E4-BF5B-DF2F8318B0B3}.Debug|x64.Build.0 = Debug|x64
		{63EBFFE4-191A-31E4-BF5B-DF2F8318B0B3}.Release|x64.ActiveCfg = Release|x64
		{63EBFFE4-191A-31E4-BF5B-DF2F8318B0B3}.Release|x64.Build.0 = Release|x64
		{63EBFFE4-191A-31E4-BF5B-DF2F8318B0B3}.MinSizeRel|x64.ActiveCfg = MinSizeRel|x64
		{63EBFFE4-191A-31E4-BF5B-DF2F8318B0B3}.MinSizeRel|x64.Build.0 = MinSizeRel|x64
		{63EBFFE4-191A-31E4-BF5B-DF2F8318B0B3}.RelWithDebInfo|x64.ActiveCfg = RelWithDebInfo|x64
		{63EBFFE4-191A-31E4-BF5B-DF2F8318B0B3}.RelWithDebInfo|x64.Build.0 = RelWithDebInfo|x64
	EndGlobalSection
	GlobalSection(ExtensibilityGlobals) = postSolution
		SolutionGuid = {4A751904-003A-3878-9F23-AD692E630530}
	EndGlobalSection
	GlobalSection(ExtensibilityAddIns) = postSolution
	EndGlobalSection
EndGlobal
